
Microsoft Visual Studio Solution File, Format Version 12.00
# Visual Studio Version 16
VisualStudioVersion = 16.0.30204.135
MinimumVisualStudioVersion = 10.0.40219.1
Project("{FAE04EC0-301F-11D3-BF4B-00C04F79EFBC}") = "brontona", "brontona.csproj", "{1BE40FD2-61B1-4E4F-AED7-CE215A8FFC99}"
EndProject
Global
	GlobalSection(SolutionConfigurationPlatforms) = preSolution
		Debug|Any CPU = Debug|Any CPU
		Release|Any CPU = Release|Any CPU
	EndGlobalSection
	GlobalSection(ProjectConfigurationPlatforms) = postSolution
		{1BE40FD2-61B1-4E4F-AED7-CE215A8FFC99}.Debug|Any CPU.ActiveCfg = Debug|Any CPU
		{1BE40FD2-61B1-4E4F-AED7-CE215A8FFC99}.Debug|Any CPU.Build.0 = Debug|Any CPU
		{1BE40FD2-61B1-4E4F-AED7-CE215A8FFC99}.Release|Any CPU.ActiveCfg = Release|Any CPU
		{1BE40FD2-61B1-4E4F-AED7-CE215A8FFC99}.Release|Any CPU.Build.0 = Release|Any CPU
	EndGlobalSection
	GlobalSection(SolutionProperties) = preSolution
		HideSolutionNode = FALSE
	EndGlobalSection
	GlobalSection(ExtensibilityGlobals) = postSolution
		SolutionGuid = {9527BFBE-EC39-4362-A469-C582AC0DAFD9}
	EndGlobalSection
EndGlobal
